
Microsoft Visual Studio Solution File, Format Version 12.00
# Visual Studio Version 17
VisualStudioVersion = 17.3.32929.385
MinimumVisualStudioVersion = 10.0.40219.1
Project("{FAE04EC0-301F-11D3-BF4B-00C04F79EFBC}") = "Plantilla_Net_EF", "Plantilla_Net_EF.csproj", "{01E8D8D2-C8A4-4DF2-A31C-2007646F6090}"
EndProject
Global
	GlobalSection(SolutionConfigurationPlatforms) = preSolution
		Debug|Any CPU = Debug|Any CPU
		Release|Any CPU = Release|Any CPU
	EndGlobalSection
	GlobalSection(ProjectConfigurationPlatforms) = postSolution
		{01E8D8D2-C8A4-4DF2-A31C-2007646F6090}.Debug|Any CPU.ActiveCfg = Debug|Any CPU
		{01E8D8D2-C8A4-4DF2-A31C-2007646F6090}.Debug|Any CPU.Build.0 = Debug|Any CPU
		{01E8D8D2-C8A4-4DF2-A31C-2007646F6090}.Release|Any CPU.ActiveCfg = Release|Any CPU
		{01E8D8D2-C8A4-4DF2-A31C-2007646F6090}.Release|Any CPU.Build.0 = Release|Any CPU
	EndGlobalSection
	GlobalSection(SolutionProperties) = preSolution
		HideSolutionNode = FALSE
	EndGlobalSection
	GlobalSection(ExtensibilityGlobals) = postSolution
		SolutionGuid = {F0140754-08DE-40CF-A421-76571E72C08F}
	EndGlobalSection
EndGlobal
